
Microsoft Visual Studio Solution File, Format Version 12.00
# Visual Studio 2012
Project("{FAE04EC0-301F-11D3-BF4B-00C04F79EFBC}") = "DynamicAndBoxing", "DynamicAndBoxing\DynamicAndBoxing.csproj", "{707D0FE4-DE35-414D-8AF3-A49D789FE134}"
EndProject
Project("{FAE04EC0-301F-11D3-BF4B-00C04F79EFBC}") = "Parameter_Passing", "ParameterPassing\Parameter_Passing.csproj", "{09EA204E-F5CB-4F0C-BF13-ACF3988F2C3F}"
EndProject
Project("{FAE04EC0-301F-11D3-BF4B-00C04F79EFBC}") = "TupleGCStringSBInterface", "TupleGCStringSB\TupleGCStringSBInterface.csproj", "{5B121718-A39F-4507-80D5-C030F315B3BB}"
EndProject
Project("{FAE04EC0-301F-11D3-BF4B-00C04F79EFBC}") = "ArrayVsArrayListVsList", "ArrayVsList\ArrayVsArrayListVsList.csproj", "{B8251712-9CC8-4D18-8973-9993A0BA28ED}"
EndProject
Project("{FAE04EC0-301F-11D3-BF4B-00C04F79EFBC}") = "StoredProcedure", "StoredProcedure\StoredProcedure.csproj", "{DF2E1390-DFD8-447C-8330-DCBC8D9A2CCA}"
EndProject
Project("{FAE04EC0-301F-11D3-BF4B-00C04F79EFBC}") = "ReadAllFolders", "ConsoleApplication1\ReadAllFolders.csproj", "{A842FB57-31E7-4898-A4D6-061BFBFB239F}"
EndProject
Project("{FAE04EC0-301F-11D3-BF4B-00C04F79EFBC}") = "TrainExampleFromOnlineTest", "ConsoleApplication2\TrainExampleFromOnlineTest.csproj", "{4EE177DD-DECE-4DAF-ACDC-37183E5BCF06}"
EndProject
Project("{FAE04EC0-301F-11D3-BF4B-00C04F79EFBC}") = "Delegate_Func", "FuncExample\Delegate_Func.csproj", "{A1272202-5222-4C58-9EED-B7031D73730F}"
EndProject
Project("{FAE04EC0-301F-11D3-BF4B-00C04F79EFBC}") = "PartialClassExample", "PartialClassExample\PartialClassExample.csproj", "{9753710C-6839-4364-9DCD-670157A5DB49}"
EndProject
Project("{FAE04EC0-301F-11D3-BF4B-00C04F79EFBC}") = "PasswordEncryption", "PasswordEncryption\PasswordEncryption.csproj", "{B7303E51-28C6-4655-8455-B0ADF7A2B5C6}"
EndProject
Project("{FAE04EC0-301F-11D3-BF4B-00C04F79EFBC}") = "Struct", "Struct\Struct.csproj", "{78E1E49B-557D-4912-A81D-D9194C1E9083}"
EndProject
Project("{FAE04EC0-301F-11D3-BF4B-00C04F79EFBC}") = "IEnumerator_IEnumarable", "IEnumeratorVsIEnumarable\IEnumerator_IEnumarable.csproj", "{C917AEDE-EC3A-4C76-8CFF-49601F7AB3EE}"
EndProject
Project("{FAE04EC0-301F-11D3-BF4B-00C04F79EFBC}") = "ConstVSReadOnly", "ConstVSReadOnly\ConstVSReadOnly.csproj", "{9A324217-9F41-4978-822E-280B3832A7F0}"
EndProject
Project("{FAE04EC0-301F-11D3-BF4B-00C04F79EFBC}") = "SubClassAndInterfaceSORT", "SubClassAndInterface\SubClassAndInterfaceSORT.csproj", "{4448C69C-948C-4C8D-A690-BD098A3DA071}"
EndProject
Project("{FAE04EC0-301F-11D3-BF4B-00C04F79EFBC}") = "DP-Creational-FactoryMethod", "DP-Creational-FactoryMethod\DP-Creational-FactoryMethod.csproj", "{100C1390-EC1C-4BDC-AC57-20D32261A5C8}"
EndProject
Project("{FAE04EC0-301F-11D3-BF4B-00C04F79EFBC}") = "DP-Creational-Singleton", "DP-Creational-Singleton\DP-Creational-Singleton.csproj", "{4F761322-2954-41BF-B14D-66606B1B5E7A}"
EndProject
Project("{FAE04EC0-301F-11D3-BF4B-00C04F79EFBC}") = "DP-Structural-Facade", "DP-Facade-Structural\DP-Structural-Facade.csproj", "{CF927B50-9F43-4E63-8701-8D56EDDC4B61}"
EndProject
Project("{FAE04EC0-301F-11D3-BF4B-00C04F79EFBC}") = "DP-Structural-Adapter", "DP-Structural-Adapter\DP-Structural-Adapter.csproj", "{CB80C4C9-D5B1-424C-B32D-4E8AB73EB9C5}"
EndProject
Project("{FAE04EC0-301F-11D3-BF4B-00C04F79EFBC}") = "EventExample", "EventExample\EventExample.csproj", "{DC2243C3-F4F0-4774-9679-D9647F51AD45}"
EndProject
Project("{FAE04EC0-301F-11D3-BF4B-00C04F79EFBC}") = "TypeExample", "TypeExample\TypeExample.csproj", "{14211F70-787C-41E8-854A-BD5BA4669B69}"
EndProject
Project("{FAE04EC0-301F-11D3-BF4B-00C04F79EFBC}") = "NUnit_MOQ", "UnitTestProject\NUnit_MOQ.csproj", "{FCA0154D-D598-44CA-A200-65B7545317D4}"
EndProject
Project("{FAE04EC0-301F-11D3-BF4B-00C04F79EFBC}") = "TypeGC_Dispose", "TypeTest\TypeGC_Dispose.csproj", "{08EA2892-3E5E-4F02-873D-6EB29F6A5304}"
EndProject
Project("{FAE04EC0-301F-11D3-BF4B-00C04F79EFBC}") = "DI_Unity_Example", "DIExample\DI_Unity_Example.csproj", "{B1C146BE-41D8-4046-9A0B-49796DC7A5D8}"
EndProject
Project("{FAE04EC0-301F-11D3-BF4B-00C04F79EFBC}") = "LINQ_Lambda_EnumeratorExample", "EnumeratorExample\LINQ_Lambda_EnumeratorExample.csproj", "{8FD3CE20-1E81-4E87-B336-24AD5CF01065}"
EndProject
Project("{FAE04EC0-301F-11D3-BF4B-00C04F79EFBC}") = "Mul_Interface_Same_Method", "Mul_Interface_Same_Method\Mul_Interface_Same_Method.csproj", "{E02533D5-C697-4749-895A-64893199B58A}"
EndProject
Project("{FAE04EC0-301F-11D3-BF4B-00C04F79EFBC}") = "DI_IOC_II", "DI_IOC_II\DI_IOC_II.csproj", "{A0A6D0AD-521A-4636-849C-258713E20DB3}"
EndProject
Project("{FAE04EC0-301F-11D3-BF4B-00C04F79EFBC}") = "FormsApplication", "FormsApplication\FormsApplication.csproj", "{48CE1F00-018F-4BBB-A49C-C90C6A14DEB0}"
EndProject
Project("{FAE04EC0-301F-11D3-BF4B-00C04F79EFBC}") = "MVC4Demo", "MVC4Demo\MVC4Demo.csproj", "{0C0DB31F-738C-4425-A5AD-F4ABB5A740E2}"
EndProject
Project("{FAE04EC0-301F-11D3-BF4B-00C04F79EFBC}") = "AsyncTest", "AsyncTest\AsyncTest.csproj", "{3FBF8472-3D90-4F80-9D72-97375CB2DAD6}"
EndProject
Project("{FAE04EC0-301F-11D3-BF4B-00C04F79EFBC}") = "YeildExample", "YeildExample\YeildExample.csproj", "{7829A7F2-7227-40DC-B298-FB8D7A0014FD}"
EndProject
Project("{FAE04EC0-301F-11D3-BF4B-00C04F79EFBC}") = "AsyncAwaitSimple", "AsyncAwaitSimple\AsyncAwaitSimple.csproj", "{78C7ED0D-820D-4B7D-B18A-54D4861D8C95}"
EndProject
Project("{FAE04EC0-301F-11D3-BF4B-00C04F79EFBC}") = "AbstractClass", "AbstractClass\AbstractClass.csproj", "{CEA2D8D4-0C4E-4EB4-B623-480E15F9DC73}"
EndProject
Project("{FAE04EC0-301F-11D3-BF4B-00C04F79EFBC}") = "Alg_DS_Matrix", "Matrix\Alg_DS_Matrix.csproj", "{E1F7951C-3B19-4C90-98B2-271DEC16DCE0}"
EndProject
Project("{FAE04EC0-301F-11D3-BF4B-00C04F79EFBC}") = "Alg_DS_SelectionSort", "SelectionSort\Alg_DS_SelectionSort.csproj", "{ACDA97CC-1681-46C4-A86E-60326B7F63D0}"
EndProject
Project("{FAE04EC0-301F-11D3-BF4B-00C04F79EFBC}") = "Alg_DS_BSTContains", "BSTContains\Alg_DS_BSTContains.csproj", "{D2B9C68F-CD42-4638-B227-28B7A9D454C0}"
EndProject
Project("{FAE04EC0-301F-11D3-BF4B-00C04F79EFBC}") = "Alg_DS_FindMajorityElement", "FindMajorityElement\Alg_DS_FindMajorityElement.csproj", "{109CA940-79C8-48E0-9C20-F90038CE7F06}"
EndProject
Project("{FAE04EC0-301F-11D3-BF4B-00C04F79EFBC}") = "Alg_DS_LinkedList", "LinkedList\Alg_DS_LinkedList.csproj", "{81E9F620-C43F-4F82-ABB7-BB2AED2CE021}"
EndProject
Project("{FAE04EC0-301F-11D3-BF4B-00C04F79EFBC}") = "Alg_DS_SumOnDigits", "SumOnDigits\Alg_DS_SumOnDigits.csproj", "{5BF8897D-92BF-4490-989A-E711EF49C8FB}"
EndProject
Project("{FAE04EC0-301F-11D3-BF4B-00C04F79EFBC}") = "Alg_DS_RotateArray", "RotateArray\Alg_DS_RotateArray.csproj", "{3D692977-8433-49D1-B1B3-90B0DF690888}"
EndProject
Project("{FAE04EC0-301F-11D3-BF4B-00C04F79EFBC}") = "Alg_DS_PrimeNumber", "PrimeNumber\Alg_DS_PrimeNumber.csproj", "{54DA5460-BA89-40FD-89C0-01F82812FC78}"
EndProject
Project("{FAE04EC0-301F-11D3-BF4B-00C04F79EFBC}") = "Alg_DS_Palindrome", "Palindrome\Alg_DS_Palindrome.csproj", "{DF5B6EBE-D0D0-4982-9ECA-0BB81988BBE6}"
EndProject
Project("{FAE04EC0-301F-11D3-BF4B-00C04F79EFBC}") = "Alg_DS_Factorial", "Factorial\Alg_DS_Factorial.csproj", "{0F1218DF-C50F-41E2-A69C-FC6B0C8ACBCA}"
EndProject
Project("{FAE04EC0-301F-11D3-BF4B-00C04F79EFBC}") = "LinkedListCycle", "LinkedListCycle\LinkedListCycle.csproj", "{34CB0654-D2E5-45AD-97D3-31627C21DF2F}"
EndProject
Project("{FAE04EC0-301F-11D3-BF4B-00C04F79EFBC}") = "WebServiceTest", "WebServiceTest\WebServiceTest.csproj", "{69ABC555-9F7A-4497-94F0-8EF7E0D8CB9E}"
EndProject
Project("{FAE04EC0-301F-11D3-BF4B-00C04F79EFBC}") = "WebServiceClient_WPF", "WebServiceClient\WebServiceClient_WPF.csproj", "{E2D75BCE-BE95-41F3-9AC1-50D6FEB06B72}"
EndProject
Project("{FAE04EC0-301F-11D3-BF4B-00C04F79EFBC}") = "StructVsClass", "StructVsClass\StructVsClass.csproj", "{BCC88438-562A-425E-83ED-EFF4F12C49BA}"
EndProject
Project("{FAE04EC0-301F-11D3-BF4B-00C04F79EFBC}") = "SumAllEvenInAnArray", "SumAllEvenInAnArray\SumAllEvenInAnArray.csproj", "{6F230EBE-C5E6-4C97-A352-5198C148877C}"
EndProject
Project("{FAE04EC0-301F-11D3-BF4B-00C04F79EFBC}") = "AsyncAwait", "AsyncAwait\AsyncAwait.csproj", "{0A4A3F25-C0EE-4D81-B48B-69C78F68F1E2}"
EndProject
Project("{FAE04EC0-301F-11D3-BF4B-00C04F79EFBC}") = "DelegateExample", "FunctionExample\DelegateExample.csproj", "{275A57A3-D609-4583-87E8-41BB8F8F6559}"
EndProject
Global
	GlobalSection(SolutionConfigurationPlatforms) = preSolution
		Debug|Any CPU = Debug|Any CPU
		Release|Any CPU = Release|Any CPU
	EndGlobalSection
	GlobalSection(ProjectConfigurationPlatforms) = postSolution
		{707D0FE4-DE35-414D-8AF3-A49D789FE134}.Debug|Any CPU.ActiveCfg = Debug|Any CPU
		{707D0FE4-DE35-414D-8AF3-A49D789FE134}.Debug|Any CPU.Build.0 = Debug|Any CPU
		{707D0FE4-DE35-414D-8AF3-A49D789FE134}.Release|Any CPU.ActiveCfg = Release|Any CPU
		{707D0FE4-DE35-414D-8AF3-A49D789FE134}.Release|Any CPU.Build.0 = Release|Any CPU
		{09EA204E-F5CB-4F0C-BF13-ACF3988F2C3F}.Debug|Any CPU.ActiveCfg = Debug|Any CPU
		{09EA204E-F5CB-4F0C-BF13-ACF3988F2C3F}.Debug|Any CPU.Build.0 = Debug|Any CPU
		{09EA204E-F5CB-4F0C-BF13-ACF3988F2C3F}.Release|Any CPU.ActiveCfg = Release|Any CPU
		{09EA204E-F5CB-4F0C-BF13-ACF3988F2C3F}.Release|Any CPU.Build.0 = Release|Any CPU
		{5B121718-A39F-4507-80D5-C030F315B3BB}.Debug|Any CPU.ActiveCfg = Debug|Any CPU
		{5B121718-A39F-4507-80D5-C030F315B3BB}.Debug|Any CPU.Build.0 = Debug|Any CPU
		{5B121718-A39F-4507-80D5-C030F315B3BB}.Release|Any CPU.ActiveCfg = Release|Any CPU
		{5B121718-A39F-4507-80D5-C030F315B3BB}.Release|Any CPU.Build.0 = Release|Any CPU
		{B8251712-9CC8-4D18-8973-9993A0BA28ED}.Debug|Any CPU.ActiveCfg = Debug|Any CPU
		{B8251712-9CC8-4D18-8973-9993A0BA28ED}.Debug|Any CPU.Build.0 = Debug|Any CPU
		{B8251712-9CC8-4D18-8973-9993A0BA28ED}.Release|Any CPU.ActiveCfg = Release|Any CPU
		{B8251712-9CC8-4D18-8973-9993A0BA28ED}.Release|Any CPU.Build.0 = Release|Any CPU
		{DF2E1390-DFD8-447C-8330-DCBC8D9A2CCA}.Debug|Any CPU.ActiveCfg = Debug|Any CPU
		{DF2E1390-DFD8-447C-8330-DCBC8D9A2CCA}.Debug|Any CPU.Build.0 = Debug|Any CPU
		{DF2E1390-DFD8-447C-8330-DCBC8D9A2CCA}.Release|Any CPU.ActiveCfg = Release|Any CPU
		{DF2E1390-DFD8-447C-8330-DCBC8D9A2CCA}.Release|Any CPU.Build.0 = Release|Any CPU
		{A842FB57-31E7-4898-A4D6-061BFBFB239F}.Debug|Any CPU.ActiveCfg = Debug|Any CPU
		{A842FB57-31E7-4898-A4D6-061BFBFB239F}.Debug|Any CPU.Build.0 = Debug|Any CPU
		{A842FB57-31E7-4898-A4D6-061BFBFB239F}.Release|Any CPU.ActiveCfg = Release|Any CPU
		{A842FB57-31E7-4898-A4D6-061BFBFB239F}.Release|Any CPU.Build.0 = Release|Any CPU
		{4EE177DD-DECE-4DAF-ACDC-37183E5BCF06}.Debug|Any CPU.ActiveCfg = Debug|Any CPU
		{4EE177DD-DECE-4DAF-ACDC-37183E5BCF06}.Debug|Any CPU.Build.0 = Debug|Any CPU
		{4EE177DD-DECE-4DAF-ACDC-37183E5BCF06}.Release|Any CPU.ActiveCfg = Release|Any CPU
		{4EE177DD-DECE-4DAF-ACDC-37183E5BCF06}.Release|Any CPU.Build.0 = Release|Any CPU
		{A1272202-5222-4C58-9EED-B7031D73730F}.Debug|Any CPU.ActiveCfg = Debug|Any CPU
		{A1272202-5222-4C58-9EED-B7031D73730F}.Debug|Any CPU.Build.0 = Debug|Any CPU
		{A1272202-5222-4C58-9EED-B7031D73730F}.Release|Any CPU.ActiveCfg = Release|Any CPU
		{A1272202-5222-4C58-9EED-B7031D73730F}.Release|Any CPU.Build.0 = Release|Any CPU
		{9753710C-6839-4364-9DCD-670157A5DB49}.Debug|Any CPU.ActiveCfg = Debug|Any CPU
		{9753710C-6839-4364-9DCD-670157A5DB49}.Debug|Any CPU.Build.0 = Debug|Any CPU
		{9753710C-6839-4364-9DCD-670157A5DB49}.Release|Any CPU.ActiveCfg = Release|Any CPU
		{9753710C-6839-4364-9DCD-670157A5DB49}.Release|Any CPU.Build.0 = Release|Any CPU
		{B7303E51-28C6-4655-8455-B0ADF7A2B5C6}.Debug|Any CPU.ActiveCfg = Debug|Any CPU
		{B7303E51-28C6-4655-8455-B0ADF7A2B5C6}.Debug|Any CPU.Build.0 = Debug|Any CPU
		{B7303E51-28C6-4655-8455-B0ADF7A2B5C6}.Release|Any CPU.ActiveCfg = Release|Any CPU
		{B7303E51-28C6-4655-8455-B0ADF7A2B5C6}.Release|Any CPU.Build.0 = Release|Any CPU
		{78E1E49B-557D-4912-A81D-D9194C1E9083}.Debug|Any CPU.ActiveCfg = Debug|Any CPU
		{78E1E49B-557D-4912-A81D-D9194C1E9083}.Debug|Any CPU.Build.0 = Debug|Any CPU
		{78E1E49B-557D-4912-A81D-D9194C1E9083}.Release|Any CPU.ActiveCfg = Release|Any CPU
		{78E1E49B-557D-4912-A81D-D9194C1E9083}.Release|Any CPU.Build.0 = Release|Any CPU
		{C917AEDE-EC3A-4C76-8CFF-49601F7AB3EE}.Debug|Any CPU.ActiveCfg = Debug|Any CPU
		{C917AEDE-EC3A-4C76-8CFF-49601F7AB3EE}.Debug|Any CPU.Build.0 = Debug|Any CPU
		{C917AEDE-EC3A-4C76-8CFF-49601F7AB3EE}.Release|Any CPU.ActiveCfg = Release|Any CPU
		{C917AEDE-EC3A-4C76-8CFF-49601F7AB3EE}.Release|Any CPU.Build.0 = Release|Any CPU
		{9A324217-9F41-4978-822E-280B3832A7F0}.Debug|Any CPU.ActiveCfg = Debug|Any CPU
		{9A324217-9F41-4978-822E-280B3832A7F0}.Debug|Any CPU.Build.0 = Debug|Any CPU
		{9A324217-9F41-4978-822E-280B3832A7F0}.Release|Any CPU.ActiveCfg = Release|Any CPU
		{9A324217-9F41-4978-822E-280B3832A7F0}.Release|Any CPU.Build.0 = Release|Any CPU
		{4448C69C-948C-4C8D-A690-BD098A3DA071}.Debug|Any CPU.ActiveCfg = Debug|Any CPU
		{4448C69C-948C-4C8D-A690-BD098A3DA071}.Debug|Any CPU.Build.0 = Debug|Any CPU
		{4448C69C-948C-4C8D-A690-BD098A3DA071}.Release|Any CPU.ActiveCfg = Release|Any CPU
		{4448C69C-948C-4C8D-A690-BD098A3DA071}.Release|Any CPU.Build.0 = Release|Any CPU
		{100C1390-EC1C-4BDC-AC57-20D32261A5C8}.Debug|Any CPU.ActiveCfg = Debug|Any CPU
		{100C1390-EC1C-4BDC-AC57-20D32261A5C8}.Debug|Any CPU.Build.0 = Debug|Any CPU
		{100C1390-EC1C-4BDC-AC57-20D32261A5C8}.Release|Any CPU.ActiveCfg = Release|Any CPU
		{100C1390-EC1C-4BDC-AC57-20D32261A5C8}.Release|Any CPU.Build.0 = Release|Any CPU
		{4F761322-2954-41BF-B14D-66606B1B5E7A}.Debug|Any CPU.ActiveCfg = Debug|Any CPU
		{4F761322-2954-41BF-B14D-66606B1B5E7A}.Debug|Any CPU.Build.0 = Debug|Any CPU
		{4F761322-2954-41BF-B14D-66606B1B5E7A}.Release|Any CPU.ActiveCfg = Release|Any CPU
		{4F761322-2954-41BF-B14D-66606B1B5E7A}.Release|Any CPU.Build.0 = Release|Any CPU
		{CF927B50-9F43-4E63-8701-8D56EDDC4B61}.Debug|Any CPU.ActiveCfg = Debug|Any CPU
		{CF927B50-9F43-4E63-8701-8D56EDDC4B61}.Debug|Any CPU.Build.0 = Debug|Any CPU
		{CF927B50-9F43-4E63-8701-8D56EDDC4B61}.Release|Any CPU.ActiveCfg = Release|Any CPU
		{CF927B50-9F43-4E63-8701-8D56EDDC4B61}.Release|Any CPU.Build.0 = Release|Any CPU
		{CB80C4C9-D5B1-424C-B32D-4E8AB73EB9C5}.Debug|Any CPU.ActiveCfg = Debug|Any CPU
		{CB80C4C9-D5B1-424C-B32D-4E8AB73EB9C5}.Debug|Any CPU.Build.0 = Debug|Any CPU
		{CB80C4C9-D5B1-424C-B32D-4E8AB73EB9C5}.Release|Any CPU.ActiveCfg = Release|Any CPU
		{CB80C4C9-D5B1-424C-B32D-4E8AB73EB9C5}.Release|Any CPU.Build.0 = Release|Any CPU
		{DC2243C3-F4F0-4774-9679-D9647F51AD45}.Debug|Any CPU.ActiveCfg = Debug|Any CPU
		{DC2243C3-F4F0-4774-9679-D9647F51AD45}.Debug|Any CPU.Build.0 = Debug|Any CPU
		{DC2243C3-F4F0-4774-9679-D9647F51AD45}.Release|Any CPU.ActiveCfg = Release|Any CPU
		{DC2243C3-F4F0-4774-9679-D9647F51AD45}.Release|Any CPU.Build.0 = Release|Any CPU
		{14211F70-787C-41E8-854A-BD5BA4669B69}.Debug|Any CPU.ActiveCfg = Debug|Any CPU
		{14211F70-787C-41E8-854A-BD5BA4669B69}.Debug|Any CPU.Build.0 = Debug|Any CPU
		{14211F70-787C-41E8-854A-BD5BA4669B69}.Release|Any CPU.ActiveCfg = Release|Any CPU
		{14211F70-787C-41E8-854A-BD5BA4669B69}.Release|Any CPU.Build.0 = Release|Any CPU
		{FCA0154D-D598-44CA-A200-65B7545317D4}.Debug|Any CPU.ActiveCfg = Debug|Any CPU
		{FCA0154D-D598-44CA-A200-65B7545317D4}.Debug|Any CPU.Build.0 = Debug|Any CPU
		{FCA0154D-D598-44CA-A200-65B7545317D4}.Release|Any CPU.ActiveCfg = Release|Any CPU
		{FCA0154D-D598-44CA-A200-65B7545317D4}.Release|Any CPU.Build.0 = Release|Any CPU
		{08EA2892-3E5E-4F02-873D-6EB29F6A5304}.Debug|Any CPU.ActiveCfg = Debug|Any CPU
		{08EA2892-3E5E-4F02-873D-6EB29F6A5304}.Debug|Any CPU.Build.0 = Debug|Any CPU
		{08EA2892-3E5E-4F02-873D-6EB29F6A5304}.Release|Any CPU.ActiveCfg = Release|Any CPU
		{08EA2892-3E5E-4F02-873D-6EB29F6A5304}.Release|Any CPU.Build.0 = Release|Any CPU
		{B1C146BE-41D8-4046-9A0B-49796DC7A5D8}.Debug|Any CPU.ActiveCfg = Debug|Any CPU
		{B1C146BE-41D8-4046-9A0B-49796DC7A5D8}.Debug|Any CPU.Build.0 = Debug|Any CPU
		{B1C146BE-41D8-4046-9A0B-49796DC7A5D8}.Release|Any CPU.ActiveCfg = Release|Any CPU
		{B1C146BE-41D8-4046-9A0B-49796DC7A5D8}.Release|Any CPU.Build.0 = Release|Any CPU
		{8FD3CE20-1E81-4E87-B336-24AD5CF01065}.Debug|Any CPU.ActiveCfg = Debug|Any CPU
		{8FD3CE20-1E81-4E87-B336-24AD5CF01065}.Debug|Any CPU.Build.0 = Debug|Any CPU
		{8FD3CE20-1E81-4E87-B336-24AD5CF01065}.Release|Any CPU.ActiveCfg = Release|Any CPU
		{8FD3CE20-1E81-4E87-B336-24AD5CF01065}.Release|Any CPU.Build.0 = Release|Any CPU
		{E02533D5-C697-4749-895A-64893199B58A}.Debug|Any CPU.ActiveCfg = Debug|Any CPU
		{E02533D5-C697-4749-895A-64893199B58A}.Debug|Any CPU.Build.0 = Debug|Any CPU
		{E02533D5-C697-4749-895A-64893199B58A}.Release|Any CPU.ActiveCfg = Release|Any CPU
		{E02533D5-C697-4749-895A-64893199B58A}.Release|Any CPU.Build.0 = Release|Any CPU
		{A0A6D0AD-521A-4636-849C-258713E20DB3}.Debug|Any CPU.ActiveCfg = Debug|Any CPU
		{A0A6D0AD-521A-4636-849C-258713E20DB3}.Debug|Any CPU.Build.0 = Debug|Any CPU
		{A0A6D0AD-521A-4636-849C-258713E20DB3}.Release|Any CPU.ActiveCfg = Release|Any CPU
		{A0A6D0AD-521A-4636-849C-258713E20DB3}.Release|Any CPU.Build.0 = Release|Any CPU
		{48CE1F00-018F-4BBB-A49C-C90C6A14DEB0}.Debug|Any CPU.ActiveCfg = Debug|Any CPU
		{48CE1F00-018F-4BBB-A49C-C90C6A14DEB0}.Debug|Any CPU.Build.0 = Debug|Any CPU
		{48CE1F00-018F-4BBB-A49C-C90C6A14DEB0}.Release|Any CPU.ActiveCfg = Release|Any CPU
		{48CE1F00-018F-4BBB-A49C-C90C6A14DEB0}.Release|Any CPU.Build.0 = Release|Any CPU
		{0C0DB31F-738C-4425-A5AD-F4ABB5A740E2}.Debug|Any CPU.ActiveCfg = Debug|Any CPU
		{0C0DB31F-738C-4425-A5AD-F4ABB5A740E2}.Debug|Any CPU.Build.0 = Debug|Any CPU
		{0C0DB31F-738C-4425-A5AD-F4ABB5A740E2}.Release|Any CPU.ActiveCfg = Release|Any CPU
		{0C0DB31F-738C-4425-A5AD-F4ABB5A740E2}.Release|Any CPU.Build.0 = Release|Any CPU
		{3FBF8472-3D90-4F80-9D72-97375CB2DAD6}.Debug|Any CPU.ActiveCfg = Debug|Any CPU
		{3FBF8472-3D90-4F80-9D72-97375CB2DAD6}.Debug|Any CPU.Build.0 = Debug|Any CPU
		{3FBF8472-3D90-4F80-9D72-97375CB2DAD6}.Release|Any CPU.ActiveCfg = Release|Any CPU
		{3FBF8472-3D90-4F80-9D72-97375CB2DAD6}.Release|Any CPU.Build.0 = Release|Any CPU
		{7829A7F2-7227-40DC-B298-FB8D7A0014FD}.Debug|Any CPU.ActiveCfg = Debug|Any CPU
		{7829A7F2-7227-40DC-B298-FB8D7A0014FD}.Debug|Any CPU.Build.0 = Debug|Any CPU
		{7829A7F2-7227-40DC-B298-FB8D7A0014FD}.Release|Any CPU.ActiveCfg = Release|Any CPU
		{7829A7F2-7227-40DC-B298-FB8D7A0014FD}.Release|Any CPU.Build.0 = Release|Any CPU
		{78C7ED0D-820D-4B7D-B18A-54D4861D8C95}.Debug|Any CPU.ActiveCfg = Debug|Any CPU
		{78C7ED0D-820D-4B7D-B18A-54D4861D8C95}.Debug|Any CPU.Build.0 = Debug|Any CPU
		{78C7ED0D-820D-4B7D-B18A-54D4861D8C95}.Release|Any CPU.ActiveCfg = Release|Any CPU
		{78C7ED0D-820D-4B7D-B18A-54D4861D8C95}.Release|Any CPU.Build.0 = Release|Any CPU
		{CEA2D8D4-0C4E-4EB4-B623-480E15F9DC73}.Debug|Any CPU.ActiveCfg = Debug|Any CPU
		{CEA2D8D4-0C4E-4EB4-B623-480E15F9DC73}.Debug|Any CPU.Build.0 = Debug|Any CPU
		{CEA2D8D4-0C4E-4EB4-B623-480E15F9DC73}.Release|Any CPU.ActiveCfg = Release|Any CPU
		{CEA2D8D4-0C4E-4EB4-B623-480E15F9DC73}.Release|Any CPU.Build.0 = Release|Any CPU
		{E1F7951C-3B19-4C90-98B2-271DEC16DCE0}.Debug|Any CPU.ActiveCfg = Debug|Any CPU
		{E1F7951C-3B19-4C90-98B2-271DEC16DCE0}.Debug|Any CPU.Build.0 = Debug|Any CPU
		{E1F7951C-3B19-4C90-98B2-271DEC16DCE0}.Release|Any CPU.ActiveCfg = Release|Any CPU
		{E1F7951C-3B19-4C90-98B2-271DEC16DCE0}.Release|Any CPU.Build.0 = Release|Any CPU
		{ACDA97CC-1681-46C4-A86E-60326B7F63D0}.Debug|Any CPU.ActiveCfg = Debug|Any CPU
		{ACDA97CC-1681-46C4-A86E-60326B7F63D0}.Debug|Any CPU.Build.0 = Debug|Any CPU
		{ACDA97CC-1681-46C4-A86E-60326B7F63D0}.Release|Any CPU.ActiveCfg = Release|Any CPU
		{ACDA97CC-1681-46C4-A86E-60326B7F63D0}.Release|Any CPU.Build.0 = Release|Any CPU
		{D2B9C68F-CD42-4638-B227-28B7A9D454C0}.Debug|Any CPU.ActiveCfg = Debug|Any CPU
		{D2B9C68F-CD42-4638-B227-28B7A9D454C0}.Debug|Any CPU.Build.0 = Debug|Any CPU
		{D2B9C68F-CD42-4638-B227-28B7A9D454C0}.Release|Any CPU.ActiveCfg = Release|Any CPU
		{D2B9C68F-CD42-4638-B227-28B7A9D454C0}.Release|Any CPU.Build.0 = Release|Any CPU
		{109CA940-79C8-48E0-9C20-F90038CE7F06}.Debug|Any CPU.ActiveCfg = Debug|Any CPU
		{109CA940-79C8-48E0-9C20-F90038CE7F06}.Debug|Any CPU.Build.0 = Debug|Any CPU
		{109CA940-79C8-48E0-9C20-F90038CE7F06}.Release|Any CPU.ActiveCfg = Release|Any CPU
		{109CA940-79C8-48E0-9C20-F90038CE7F06}.Release|Any CPU.Build.0 = Release|Any CPU
		{81E9F620-C43F-4F82-ABB7-BB2AED2CE021}.Debug|Any CPU.ActiveCfg = Debug|Any CPU
		{81E9F620-C43F-4F82-ABB7-BB2AED2CE021}.Debug|Any CPU.Build.0 = Debug|Any CPU
		{81E9F620-C43F-4F82-ABB7-BB2AED2CE021}.Release|Any CPU.ActiveCfg = Release|Any CPU
		{81E9F620-C43F-4F82-ABB7-BB2AED2CE021}.Release|Any CPU.Build.0 = Release|Any CPU
		{5BF8897D-92BF-4490-989A-E711EF49C8FB}.Debug|Any CPU.ActiveCfg = Debug|Any CPU
		{5BF8897D-92BF-4490-989A-E711EF49C8FB}.Debug|Any CPU.Build.0 = Debug|Any CPU
		{5BF8897D-92BF-4490-989A-E711EF49C8FB}.Release|Any CPU.ActiveCfg = Release|Any CPU
		{5BF8897D-92BF-4490-989A-E711EF49C8FB}.Release|Any CPU.Build.0 = Release|Any CPU
		{3D692977-8433-49D1-B1B3-90B0DF690888}.Debug|Any CPU.ActiveCfg = Debug|Any CPU
		{3D692977-8433-49D1-B1B3-90B0DF690888}.Debug|Any CPU.Build.0 = Debug|Any CPU
		{3D692977-8433-49D1-B1B3-90B0DF690888}.Release|Any CPU.ActiveCfg = Release|Any CPU
		{3D692977-8433-49D1-B1B3-90B0DF690888}.Release|Any CPU.Build.0 = Release|Any CPU
		{54DA5460-BA89-40FD-89C0-01F82812FC78}.Debug|Any CPU.ActiveCfg = Debug|Any CPU
		{54DA5460-BA89-40FD-89C0-01F82812FC78}.Debug|Any CPU.Build.0 = Debug|Any CPU
		{54DA5460-BA89-40FD-89C0-01F82812FC78}.Release|Any CPU.ActiveCfg = Release|Any CPU
		{54DA5460-BA89-40FD-89C0-01F82812FC78}.Release|Any CPU.Build.0 = Release|Any CPU
		{DF5B6EBE-D0D0-4982-9ECA-0BB81988BBE6}.Debug|Any CPU.ActiveCfg = Debug|Any CPU
		{DF5B6EBE-D0D0-4982-9ECA-0BB81988BBE6}.Debug|Any CPU.Build.0 = Debug|Any CPU
		{DF5B6EBE-D0D0-4982-9ECA-0BB81988BBE6}.Release|Any CPU.ActiveCfg = Release|Any CPU
		{DF5B6EBE-D0D0-4982-9ECA-0BB81988BBE6}.Release|Any CPU.Build.0 = Release|Any CPU
		{0F1218DF-C50F-41E2-A69C-FC6B0C8ACBCA}.Debug|Any CPU.ActiveCfg = Debug|Any CPU
		{0F1218DF-C50F-41E2-A69C-FC6B0C8ACBCA}.Debug|Any CPU.Build.0 = Debug|Any CPU
		{0F1218DF-C50F-41E2-A69C-FC6B0C8ACBCA}.Release|Any CPU.ActiveCfg = Release|Any CPU
		{0F1218DF-C50F-41E2-A69C-FC6B0C8ACBCA}.Release|Any CPU.Build.0 = Release|Any CPU
		{34CB0654-D2E5-45AD-97D3-31627C21DF2F}.Debug|Any CPU.ActiveCfg = Debug|Any CPU
		{34CB0654-D2E5-45AD-97D3-31627C21DF2F}.Debug|Any CPU.Build.0 = Debug|Any CPU
		{34CB0654-D2E5-45AD-97D3-31627C21DF2F}.Release|Any CPU.ActiveCfg = Release|Any CPU
		{34CB0654-D2E5-45AD-97D3-31627C21DF2F}.Release|Any CPU.Build.0 = Release|Any CPU
		{69ABC555-9F7A-4497-94F0-8EF7E0D8CB9E}.Debug|Any CPU.ActiveCfg = Debug|Any CPU
		{69ABC555-9F7A-4497-94F0-8EF7E0D8CB9E}.Debug|Any CPU.Build.0 = Debug|Any CPU
		{69ABC555-9F7A-4497-94F0-8EF7E0D8CB9E}.Release|Any CPU.ActiveCfg = Release|Any CPU
		{69ABC555-9F7A-4497-94F0-8EF7E0D8CB9E}.Release|Any CPU.Build.0 = Release|Any CPU
		{E2D75BCE-BE95-41F3-9AC1-50D6FEB06B72}.Debug|Any CPU.ActiveCfg = Debug|Any CPU
		{E2D75BCE-BE95-41F3-9AC1-50D6FEB06B72}.Debug|Any CPU.Build.0 = Debug|Any CPU
		{E2D75BCE-BE95-41F3-9AC1-50D6FEB06B72}.Release|Any CPU.ActiveCfg = Release|Any CPU
		{E2D75BCE-BE95-41F3-9AC1-50D6FEB06B72}.Release|Any CPU.Build.0 = Release|Any CPU
		{BCC88438-562A-425E-83ED-EFF4F12C49BA}.Debug|Any CPU.ActiveCfg = Debug|Any CPU
		{BCC88438-562A-425E-83ED-EFF4F12C49BA}.Debug|Any CPU.Build.0 = Debug|Any CPU
		{BCC88438-562A-425E-83ED-EFF4F12C49BA}.Release|Any CPU.ActiveCfg = Release|Any CPU
		{BCC88438-562A-425E-83ED-EFF4F12C49BA}.Release|Any CPU.Build.0 = Release|Any CPU
		{6F230EBE-C5E6-4C97-A352-5198C148877C}.Debug|Any CPU.ActiveCfg = Debug|Any CPU
		{6F230EBE-C5E6-4C97-A352-5198C148877C}.Debug|Any CPU.Build.0 = Debug|Any CPU
		{6F230EBE-C5E6-4C97-A352-5198C148877C}.Release|Any CPU.ActiveCfg = Release|Any CPU
		{6F230EBE-C5E6-4C97-A352-5198C148877C}.Release|Any CPU.Build.0 = Release|Any CPU
		{0A4A3F25-C0EE-4D81-B48B-69C78F68F1E2}.Debug|Any CPU.ActiveCfg = Debug|Any CPU
		{0A4A3F25-C0EE-4D81-B48B-69C78F68F1E2}.Debug|Any CPU.Build.0 = Debug|Any CPU
		{0A4A3F25-C0EE-4D81-B48B-69C78F68F1E2}.Release|Any CPU.ActiveCfg = Release|Any CPU
		{0A4A3F25-C0EE-4D81-B48B-69C78F68F1E2}.Release|Any CPU.Build.0 = Release|Any CPU
		{275A57A3-D609-4583-87E8-41BB8F8F6559}.Debug|Any CPU.ActiveCfg = Debug|Any CPU
		{275A57A3-D609-4583-87E8-41BB8F8F6559}.Debug|Any CPU.Build.0 = Debug|Any CPU
		{275A57A3-D609-4583-87E8-41BB8F8F6559}.Release|Any CPU.ActiveCfg = Release|Any CPU
		{275A57A3-D609-4583-87E8-41BB8F8F6559}.Release|Any CPU.Build.0 = Release|Any CPU
	EndGlobalSection
	GlobalSection(SolutionProperties) = preSolution
		HideSolutionNode = FALSE
	EndGlobalSection
EndGlobal
