
Microsoft Visual Studio Solution File, Format Version 12.00
# Visual Studio 2012
Project("{FAE04EC0-301F-11D3-BF4B-00C04F79EFBC}") = "DynamicAndBoxing", "DynamicAndBoxing\DynamicAndBoxing.csproj", "{707D0FE4-DE35-414D-8AF3-A49D789FE134}"
EndProject
Project("{FAE04EC0-301F-11D3-BF4B-00C04F79EFBC}") = "ParameterPassing", "ParameterPassing\ParameterPassing.csproj", "{09EA204E-F5CB-4F0C-BF13-ACF3988F2C3F}"
EndProject
Project("{FAE04EC0-301F-11D3-BF4B-00C04F79EFBC}") = "TupleGCStringSBInterface", "TupleGCStringSB\TupleGCStringSBInterface.csproj", "{5B121718-A39F-4507-80D5-C030F315B3BB}"
EndProject
Project("{FAE04EC0-301F-11D3-BF4B-00C04F79EFBC}") = "ArrayVsArrayListVsList", "ArrayVsList\ArrayVsArrayListVsList.csproj", "{B8251712-9CC8-4D18-8973-9993A0BA28ED}"
EndProject
Project("{FAE04EC0-301F-11D3-BF4B-00C04F79EFBC}") = "StoredProcedure", "StoredProcedure\StoredProcedure.csproj", "{DF2E1390-DFD8-447C-8330-DCBC8D9A2CCA}"
EndProject
Project("{FAE04EC0-301F-11D3-BF4B-00C04F79EFBC}") = "ConsoleApplication1", "ConsoleApplication1\ConsoleApplication1.csproj", "{A842FB57-31E7-4898-A4D6-061BFBFB239F}"
EndProject
Project("{FAE04EC0-301F-11D3-BF4B-00C04F79EFBC}") = "ConsoleApplication2", "ConsoleApplication2\ConsoleApplication2.csproj", "{4EE177DD-DECE-4DAF-ACDC-37183E5BCF06}"
EndProject
Project("{FAE04EC0-301F-11D3-BF4B-00C04F79EFBC}") = "FuncExample", "FuncExample\FuncExample.csproj", "{A1272202-5222-4C58-9EED-B7031D73730F}"
EndProject
Project("{FAE04EC0-301F-11D3-BF4B-00C04F79EFBC}") = "PartialClassExample", "PartialClassExample\PartialClassExample.csproj", "{9753710C-6839-4364-9DCD-670157A5DB49}"
EndProject
Project("{FAE04EC0-301F-11D3-BF4B-00C04F79EFBC}") = "PasswordEncryption", "PasswordEncryption\PasswordEncryption.csproj", "{B7303E51-28C6-4655-8455-B0ADF7A2B5C6}"
EndProject
Project("{FAE04EC0-301F-11D3-BF4B-00C04F79EFBC}") = "Struct", "Struct\Struct.csproj", "{78E1E49B-557D-4912-A81D-D9194C1E9083}"
EndProject
Project("{FAE04EC0-301F-11D3-BF4B-00C04F79EFBC}") = "IEnumeratorVsIEnumarable", "IEnumeratorVsIEnumarable\IEnumeratorVsIEnumarable.csproj", "{C917AEDE-EC3A-4C76-8CFF-49601F7AB3EE}"
EndProject
Project("{FAE04EC0-301F-11D3-BF4B-00C04F79EFBC}") = "ConstVSReadOnly", "ConstVSReadOnly\ConstVSReadOnly.csproj", "{9A324217-9F41-4978-822E-280B3832A7F0}"
EndProject
Global
	GlobalSection(SolutionConfigurationPlatforms) = preSolution
		Debug|Any CPU = Debug|Any CPU
		Release|Any CPU = Release|Any CPU
	EndGlobalSection
	GlobalSection(ProjectConfigurationPlatforms) = postSolution
		{707D0FE4-DE35-414D-8AF3-A49D789FE134}.Debug|Any CPU.ActiveCfg = Debug|Any CPU
		{707D0FE4-DE35-414D-8AF3-A49D789FE134}.Debug|Any CPU.Build.0 = Debug|Any CPU
		{707D0FE4-DE35-414D-8AF3-A49D789FE134}.Release|Any CPU.ActiveCfg = Release|Any CPU
		{707D0FE4-DE35-414D-8AF3-A49D789FE134}.Release|Any CPU.Build.0 = Release|Any CPU
		{09EA204E-F5CB-4F0C-BF13-ACF3988F2C3F}.Debug|Any CPU.ActiveCfg = Debug|Any CPU
		{09EA204E-F5CB-4F0C-BF13-ACF3988F2C3F}.Debug|Any CPU.Build.0 = Debug|Any CPU
		{09EA204E-F5CB-4F0C-BF13-ACF3988F2C3F}.Release|Any CPU.ActiveCfg = Release|Any CPU
		{09EA204E-F5CB-4F0C-BF13-ACF3988F2C3F}.Release|Any CPU.Build.0 = Release|Any CPU
		{5B121718-A39F-4507-80D5-C030F315B3BB}.Debug|Any CPU.ActiveCfg = Debug|Any CPU
		{5B121718-A39F-4507-80D5-C030F315B3BB}.Debug|Any CPU.Build.0 = Debug|Any CPU
		{5B121718-A39F-4507-80D5-C030F315B3BB}.Release|Any CPU.ActiveCfg = Release|Any CPU
		{5B121718-A39F-4507-80D5-C030F315B3BB}.Release|Any CPU.Build.0 = Release|Any CPU
		{B8251712-9CC8-4D18-8973-9993A0BA28ED}.Debug|Any CPU.ActiveCfg = Debug|Any CPU
		{B8251712-9CC8-4D18-8973-9993A0BA28ED}.Debug|Any CPU.Build.0 = Debug|Any CPU
		{B8251712-9CC8-4D18-8973-9993A0BA28ED}.Release|Any CPU.ActiveCfg = Release|Any CPU
		{B8251712-9CC8-4D18-8973-9993A0BA28ED}.Release|Any CPU.Build.0 = Release|Any CPU
		{DF2E1390-DFD8-447C-8330-DCBC8D9A2CCA}.Debug|Any CPU.ActiveCfg = Debug|Any CPU
		{DF2E1390-DFD8-447C-8330-DCBC8D9A2CCA}.Debug|Any CPU.Build.0 = Debug|Any CPU
		{DF2E1390-DFD8-447C-8330-DCBC8D9A2CCA}.Release|Any CPU.ActiveCfg = Release|Any CPU
		{DF2E1390-DFD8-447C-8330-DCBC8D9A2CCA}.Release|Any CPU.Build.0 = Release|Any CPU
		{A842FB57-31E7-4898-A4D6-061BFBFB239F}.Debug|Any CPU.ActiveCfg = Debug|Any CPU
		{A842FB57-31E7-4898-A4D6-061BFBFB239F}.Debug|Any CPU.Build.0 = Debug|Any CPU
		{A842FB57-31E7-4898-A4D6-061BFBFB239F}.Release|Any CPU.ActiveCfg = Release|Any CPU
		{A842FB57-31E7-4898-A4D6-061BFBFB239F}.Release|Any CPU.Build.0 = Release|Any CPU
		{4EE177DD-DECE-4DAF-ACDC-37183E5BCF06}.Debug|Any CPU.ActiveCfg = Debug|Any CPU
		{4EE177DD-DECE-4DAF-ACDC-37183E5BCF06}.Debug|Any CPU.Build.0 = Debug|Any CPU
		{4EE177DD-DECE-4DAF-ACDC-37183E5BCF06}.Release|Any CPU.ActiveCfg = Release|Any CPU
		{4EE177DD-DECE-4DAF-ACDC-37183E5BCF06}.Release|Any CPU.Build.0 = Release|Any CPU
		{A1272202-5222-4C58-9EED-B7031D73730F}.Debug|Any CPU.ActiveCfg = Debug|Any CPU
		{A1272202-5222-4C58-9EED-B7031D73730F}.Debug|Any CPU.Build.0 = Debug|Any CPU
		{A1272202-5222-4C58-9EED-B7031D73730F}.Release|Any CPU.ActiveCfg = Release|Any CPU
		{A1272202-5222-4C58-9EED-B7031D73730F}.Release|Any CPU.Build.0 = Release|Any CPU
		{9753710C-6839-4364-9DCD-670157A5DB49}.Debug|Any CPU.ActiveCfg = Debug|Any CPU
		{9753710C-6839-4364-9DCD-670157A5DB49}.Debug|Any CPU.Build.0 = Debug|Any CPU
		{9753710C-6839-4364-9DCD-670157A5DB49}.Release|Any CPU.ActiveCfg = Release|Any CPU
		{9753710C-6839-4364-9DCD-670157A5DB49}.Release|Any CPU.Build.0 = Release|Any CPU
		{B7303E51-28C6-4655-8455-B0ADF7A2B5C6}.Debug|Any CPU.ActiveCfg = Debug|Any CPU
		{B7303E51-28C6-4655-8455-B0ADF7A2B5C6}.Debug|Any CPU.Build.0 = Debug|Any CPU
		{B7303E51-28C6-4655-8455-B0ADF7A2B5C6}.Release|Any CPU.ActiveCfg = Release|Any CPU
		{B7303E51-28C6-4655-8455-B0ADF7A2B5C6}.Release|Any CPU.Build.0 = Release|Any CPU
		{78E1E49B-557D-4912-A81D-D9194C1E9083}.Debug|Any CPU.ActiveCfg = Debug|Any CPU
		{78E1E49B-557D-4912-A81D-D9194C1E9083}.Debug|Any CPU.Build.0 = Debug|Any CPU
		{78E1E49B-557D-4912-A81D-D9194C1E9083}.Release|Any CPU.ActiveCfg = Release|Any CPU
		{78E1E49B-557D-4912-A81D-D9194C1E9083}.Release|Any CPU.Build.0 = Release|Any CPU
		{C917AEDE-EC3A-4C76-8CFF-49601F7AB3EE}.Debug|Any CPU.ActiveCfg = Debug|Any CPU
		{C917AEDE-EC3A-4C76-8CFF-49601F7AB3EE}.Debug|Any CPU.Build.0 = Debug|Any CPU
		{C917AEDE-EC3A-4C76-8CFF-49601F7AB3EE}.Release|Any CPU.ActiveCfg = Release|Any CPU
		{C917AEDE-EC3A-4C76-8CFF-49601F7AB3EE}.Release|Any CPU.Build.0 = Release|Any CPU
		{9A324217-9F41-4978-822E-280B3832A7F0}.Debug|Any CPU.ActiveCfg = Debug|Any CPU
		{9A324217-9F41-4978-822E-280B3832A7F0}.Debug|Any CPU.Build.0 = Debug|Any CPU
		{9A324217-9F41-4978-822E-280B3832A7F0}.Release|Any CPU.ActiveCfg = Release|Any CPU
		{9A324217-9F41-4978-822E-280B3832A7F0}.Release|Any CPU.Build.0 = Release|Any CPU
	EndGlobalSection
	GlobalSection(SolutionProperties) = preSolution
		HideSolutionNode = FALSE
	EndGlobalSection
EndGlobal
